// !$*UTF8*$!
{
	archiveVersion = 1;
	classes = {
	};
	objectVersion = 46;
	objects = {

/* Begin PBXBuildFile section */
		AED8DD7A1A4A3CBC00996D34 /* AppDelegate.swift in Sources */ = {isa = PBXBuildFile; fileRef = AED8DD791A4A3CBC00996D34 /* AppDelegate.swift */; };
		AED8DD7C1A4A3CBC00996D34 /* ViewController.swift in Sources */ = {isa = PBXBuildFile; fileRef = AED8DD7B1A4A3CBC00996D34 /* ViewController.swift */; };
		AED8DD7F1A4A3CBC00996D34 /* Main.storyboard in Resources */ = {isa = PBXBuildFile; fileRef = AED8DD7D1A4A3CBC00996D34 /* Main.storyboard */; };
		AED8DD811A4A3CBC00996D34 /* Images.xcassets in Resources */ = {isa = PBXBuildFile; fileRef = AED8DD801A4A3CBC00996D34 /* Images.xcassets */; };
		AED8DD841A4A3CBC00996D34 /* LaunchScreen.xib in Resources */ = {isa = PBXBuildFile; fileRef = AED8DD821A4A3CBC00996D34 /* LaunchScreen.xib */; };
		AED8DD901A4A3CBC00996D34 /* PostcardTests.swift in Sources */ = {isa = PBXBuildFile; fileRef = AED8DD8F1A4A3CBC00996D34 /* PostcardTests.swift */; };
/* End PBXBuildFile section */

/* Begin PBXContainerItemProxy section */
		AED8DD8A1A4A3CBC00996D34 /* PBXContainerItemProxy */ = {
			isa = PBXContainerItemProxy;
			containerPortal = AED8DD6C1A4A3CBB00996D34 /* Project object */;
			proxyType = 1;
			remoteGlobalIDString = AED8DD731A4A3CBB00996D34;
			remoteInfo = Postcard;
		};
/* End PBXContainerItemProxy section */

/* Begin PBXFileReference section */
		AED8DD741A4A3CBC00996D34 /* Postcard.app */ = {isa = PBXFileReference; explicitFileType = wrapper.application; includeInIndex = 0; path = Postcard.app; sourceTree = BUILT_PRODUCTS_DIR; };
		AED8DD781A4A3CBC00996D34 /* Info.plist */ = {isa = PBXFileReference; lastKnownFileType = text.plist.xml; path = Info.plist; sourceTree = "<group>"; };
		AED8DD791A4A3CBC00996D34 /* AppDelegate.swift */ = {isa = PBXFileReference; lastKnownFileType = sourcecode.swift; path = AppDelegate.swift; sourceTree = "<group>"; };
		AED8DD7B1A4A3CBC00996D34 /* ViewController.swift */ = {isa = PBXFileReference; lastKnownFileType = sourcecode.swift; path = ViewController.swift; sourceTree = "<group>"; };
		AED8DD7E1A4A3CBC00996D34 /* Base */ = {isa = PBXFileReference; lastKnownFileType = file.storyboard; name = Base; path = Base.lproj/Main.storyboard; sourceTree = "<group>"; };
		AED8DD801A4A3CBC00996D34 /* Images.xcassets */ = {isa = PBXFileReference; lastKnownFileType = folder.assetcatalog; path = Images.xcassets; sourceTree = "<group>"; };
		AED8DD831A4A3CBC00996D34 /* Base */ = {isa = PBXFileReference; lastKnownFileType = file.xib; name = Base; path = Base.lproj/LaunchScreen.xib; sourceTree = "<group>"; };
		AED8DD891A4A3CBC00996D34 /* PostcardTests.xctest */ = {isa = PBXFileReference; explicitFileType = wrapper.cfbundle; includeInIndex = 0; path = PostcardTests.xctest; sourceTree = BUILT_PRODUCTS_DIR; };
		AED8DD8E1A4A3CBC00996D34 /* Info.plist */ = {isa = PBXFileReference; lastKnownFileType = text.plist.xml; path = Info.plist; sourceTree = "<group>"; };
		AED8DD8F1A4A3CBC00996D34 /* PostcardTests.swift */ = {isa = PBXFileReference; lastKnownFileType = sourcecode.swift; path = PostcardTests.swift; sourceTree = "<group>"; };
/* End PBXFileReference section */

/* Begin PBXFrameworksBuildPhase section */
		AED8DD711A4A3CBB00996D34 /* Frameworks */ = {
			isa = PBXFrameworksBuildPhase;
			buildActionMask = 2147483647;
			files = (
			);
			runOnlyForDeploymentPostprocessing = 0;
		};
		AED8DD861A4A3CBC00996D34 /* Frameworks */ = {
			isa = PBXFrameworksBuildPhase;
			buildActionMask = 2147483647;
			files = (
			);
			runOnlyForDeploymentPostprocessing = 0;
		};
/* End PBXFrameworksBuildPhase section */

/* Begin PBXGroup section */
		AED8DD6B1A4A3CBB00996D34 = {
			isa = PBXGroup;
			children = (
				AED8DD761A4A3CBC00996D34 /* Postcard */,
				AED8DD8C1A4A3CBC00996D34 /* PostcardTests */,
				AED8DD751A4A3CBC00996D34 /* Products */,
			);
			sourceTree = "<group>";
		};
		AED8DD751A4A3CBC00996D34 /* Products */ = {
			isa = PBXGroup;
			children = (
				AED8DD741A4A3CBC00996D34 /* Postcard.app */,
				AED8DD891A4A3CBC00996D34 /* PostcardTests.xctest */,
			);
			name = Products;
			sourceTree = "<group>";
		};
		AED8DD761A4A3CBC00996D34 /* Postcard */ = {
			isa = PBXGroup;
			children = (
				AED8DD791A4A3CBC00996D34 /* AppDelegate.swift */,
				AED8DD7B1A4A3CBC00996D34 /* ViewController.swift */,
				AED8DD7D1A4A3CBC00996D34 /* Main.storyboard */,
				AED8DD801A4A3CBC00996D34 /* Images.xcassets */,
				AED8DD821A4A3CBC00996D34 /* LaunchScreen.xib */,
				AED8DD771A4A3CBC00996D34 /* Supporting Files */,
			);
			path = Postcard;
			sourceTree = "<group>";
		};
		AED8DD771A4A3CBC00996D34 /* Supporting Files */ = {
			isa = PBXGroup;
			children = (
				AED8DD781A4A3CBC00996D34 /* Info.plist */,
			);
			name = "Supporting Files";
			sourceTree = "<group>";
		};
		AED8DD8C1A4A3CBC00996D34 /* PostcardTests */ = {
			isa = PBXGroup;
			children = (
				AED8DD8F1A4A3CBC00996D34 /* PostcardTests.swift */,
				AED8DD8D1A4A3CBC00996D34 /* Supporting Files */,
			);
			path = PostcardTests;
			sourceTree = "<group>";
		};
		AED8DD8D1A4A3CBC00996D34 /* Supporting Files */ = {
			isa = PBXGroup;
			children = (
				AED8DD8E1A4A3CBC00996D34 /* Info.plist */,
			);
			name = "Supporting Files";
			sourceTree = "<group>";
		};
/* End PBXGroup section */

/* Begin PBXNativeTarget section */
		AED8DD731A4A3CBB00996D34 /* Postcard */ = {
			isa = PBXNativeTarget;
			buildConfigurationList = AED8DD931A4A3CBC00996D34 /* Build configuration list for PBXNativeTarget "Postcard" */;
			buildPhases = (
				AED8DD701A4A3CBB00996D34 /* Sources */,
				AED8DD711A4A3CBB00996D34 /* Frameworks */,
				AED8DD721A4A3CBB00996D34 /* Resources */,
			);
			buildRules = (
			);
			dependencies = (
			);
			name = Postcard;
			productName = Postcard;
			productReference = AED8DD741A4A3CBC00996D34 /* Postcard.app */;
			productType = "com.apple.product-type.application";
		};
		AED8DD881A4A3CBC00996D34 /* PostcardTests */ = {
			isa = PBXNativeTarget;
			buildConfigurationList = AED8DD961A4A3CBC00996D34 /* Build configuration list for PBXNativeTarget "PostcardTests" */;
			buildPhases = (
				AED8DD851A4A3CBC00996D34 /* Sources */,
				AED8DD861A4A3CBC00996D34 /* Frameworks */,
				AED8DD871A4A3CBC00996D34 /* Resources */,
			);
			buildRules = (
			);
			dependencies = (
				AED8DD8B1A4A3CBC00996D34 /* PBXTargetDependency */,
			);
			name = PostcardTests;
			productName = PostcardTests;
			productReference = AED8DD891A4A3CBC00996D34 /* PostcardTests.xctest */;
			productType = "com.apple.product-type.bundle.unit-test";
		};
/* End PBXNativeTarget section */

/* Begin PBXProject section */
		AED8DD6C1A4A3CBB00996D34 /* Project object */ = {
			isa = PBXProject;
			attributes = {
				LastUpgradeCheck = 0610;
				ORGANIZATIONNAME = "Maimoy Home";
				TargetAttributes = {
					AED8DD731A4A3CBB00996D34 = {
						CreatedOnToolsVersion = 6.1.1;
					};
					AED8DD881A4A3CBC00996D34 = {
						CreatedOnToolsVersion = 6.1.1;
						TestTargetID = AED8DD731A4A3CBB00996D34;
					};
				};
			};
			buildConfigurationList = AED8DD6F1A4A3CBB00996D34 /* Build configuration list for PBXProject "Postcard" */;
			compatibilityVersion = "Xcode 3.2";
			developmentRegion = English;
			hasScannedForEncodings = 0;
			knownRegions = (
				en,
				Base,
			);
			mainGroup = AED8DD6B1A4A3CBB00996D34;
			productRefGroup = AED8DD751A4A3CBC00996D34 /* Products */;
			projectDirPath = "";
			projectRoot = "";
			targets = (
				AED8DD731A4A3CBB00996D34 /* Postcard */,
				AED8DD881A4A3CBC00996D34 /* PostcardTests */,
			);
		};
/* End PBXProject section */

/* Begin PBXResourcesBuildPhase section */
		AED8DD721A4A3CBB00996D34 /* Resources */ = {
			isa = PBXResourcesBuildPhase;
			buildActionMask = 2147483647;
			files = (
				AED8DD7F1A4A3CBC00996D34 /* Main.storyboard in Resources */,
				AED8DD841A4A3CBC00996D34 /* LaunchScreen.xib in Resources */,
				AED8DD811A4A3CBC00996D34 /* Images.xcassets in Resources */,
			);
			runOnlyForDeploymentPostprocessing = 0;
		};
		AED8DD871A4A3CBC00996D34 /* Resources */ = {
			isa = PBXResourcesBuildPhase;
			buildActionMask = 2147483647;
			files = (
			);
			runOnlyForDeploymentPostprocessing = 0;
		};
/* End PBXResourcesBuildPhase section */

/* Begin PBXSourcesBuildPhase section */
		AED8DD701A4A3CBB00996D34 /* Sources */ = {
			isa = PBXSourcesBuildPhase;
			buildActionMask = 2147483647;
			files = (
				AED8DD7C1A4A3CBC00996D34 /* ViewController.swift in Sources */,
				AED8DD7A1A4A3CBC00996D34 /* AppDelegate.swift in Sources */,
			);
			runOnlyForDeploymentPostprocessing = 0;
		};
		AED8DD851A4A3CBC00996D34 /* Sources */ = {
			isa = PBXSourcesBuildPhase;
			buildActionMask = 2147483647;
			files = (
				AED8DD901A4A3CBC00996D34 /* PostcardTests.swift in Sources */,
			);
			runOnlyForDeploymentPostprocessing = 0;
		};
/* End PBXSourcesBuildPhase section */

/* Begin PBXTargetDependency section */
		AED8DD8B1A4A3CBC00996D34 /* PBXTargetDependency */ = {
			isa = PBXTargetDependency;
			target = AED8DD731A4A3CBB00996D34 /* Postcard */;
			targetProxy = AED8DD8A1A4A3CBC00996D34 /* PBXContainerItemProxy */;
		};
/* End PBXTargetDependency section */

/* Begin PBXVariantGroup section */
		AED8DD7D1A4A3CBC00996D34 /* Main.storyboard */ = {
			isa = PBXVariantGroup;
			children = (
				AED8DD7E1A4A3CBC00996D34 /* Base */,
			);
			name = Main.storyboard;
			sourceTree = "<group>";
		};
		AED8DD821A4A3CBC00996D34 /* LaunchScreen.xib */ = {
			isa = PBXVariantGroup;
			children = (
				AED8DD831A4A3CBC00996D34 /* Base */,
			);
			name = LaunchScreen.xib;
			sourceTree = "<group>";
		};
/* End PBXVariantGroup section */

/* Begin XCBuildConfiguration section */
		AED8DD911A4A3CBC00996D34 /* Debug */ = {
			isa = XCBuildConfiguration;
			buildSettings = {
				ALWAYS_SEARCH_USER_PATHS = NO;
				CLANG_CXX_LANGUAGE_STANDARD = "gnu++0x";
				CLANG_CXX_LIBRARY = "libc++";
				CLANG_ENABLE_MODULES = YES;
				CLANG_ENABLE_OBJC_ARC = YES;
				CLANG_WARN_BOOL_CONVERSION = YES;
				CLANG_WARN_CONSTANT_CONVERSION = YES;
				CLANG_WARN_DIRECT_OBJC_ISA_USAGE = YES_ERROR;
				CLANG_WARN_EMPTY_BODY = YES;
				CLANG_WARN_ENUM_CONVERSION = YES;
				CLANG_WARN_INT_CONVERSION = YES;
				CLANG_WARN_OBJC_ROOT_CLASS = YES_ERROR;
				CLANG_WARN_UNREACHABLE_CODE = YES;
				CLANG_WARN__DUPLICATE_METHOD_MATCH = YES;
				"CODE_SIGN_IDENTITY[sdk=iphoneos*]" = "iPhone Developer";
				COPY_PHASE_STRIP = NO;
				ENABLE_STRICT_OBJC_MSGSEND = YES;
				GCC_C_LANGUAGE_STANDARD = gnu99;
				GCC_DYNAMIC_NO_PIC = NO;
				GCC_OPTIMIZATION_LEVEL = 0;
				GCC_PREPROCESSOR_DEFINITIONS = (
					"DEBUG=1",
					"$(inherited)",
				);
				GCC_SYMBOLS_PRIVATE_EXTERN = NO;
				GCC_WARN_64_TO_32_BIT_CONVERSION = YES;
				GCC_WARN_ABOUT_RETURN_TYPE = YES_ERROR;
				GCC_WARN_UNDECLARED_SELECTOR = YES;
				GCC_WARN_UNINITIALIZED_AUTOS = YES_AGGRESSIVE;
				GCC_WARN_UNUSED_FUNCTION = YES;
				GCC_WARN_UNUSED_VARIABLE = YES;
				IPHONEOS_DEPLOYMENT_TARGET = 8.1;
				MTL_ENABLE_DEBUG_INFO = YES;
				ONLY_ACTIVE_ARCH = YES;
				SDKROOT = iphoneos;
				SWIFT_OPTIMIZATION_LEVEL = "-Onone";
				TARGETED_DEVICE_FAMILY = "1,2";
			};
			name = Debug;
		};
		AED8DD921A4A3CBC00996D34 /* Release */ = {
			isa = XCBuildConfiguration;
			buildSettings = {
				ALWAYS_SEARCH_USER_PATHS = NO;
				CLANG_CXX_LANGUAGE_STANDARD = "gnu++0x";
				CLANG_CXX_LIBRARY = "libc++";
				CLANG_ENABLE_MODULES = YES;
				CLANG_ENABLE_OBJC_ARC = YES;
				CLANG_WARN_BOOL_CONVERSION = YES;
				CLANG_WARN_CONSTANT_CONVERSION = YES;
				CLANG_WARN_DIRECT_OBJC_ISA_USAGE = YES_ERROR;
				CLANG_WARN_EMPTY_BODY = YES;
				CLANG_WARN_ENUM_CONVERSION = YES;
				CLANG_WARN_INT_CONVERSION = YES;
				CLANG_WARN_OBJC_ROOT_CLASS = YES_ERROR;
				CLANG_WARN_UNREACHABLE_CODE = YES;
				CLANG_WARN__DUPLICATE_METHOD_MATCH = YES;
				"CODE_SIGN_IDENTITY[sdk=iphoneos*]" = "iPhone Developer";
				COPY_PHASE_STRIP = YES;
				ENABLE_NS_ASSERTIONS = NO;
				ENABLE_STRICT_OBJC_MSGSEND = YES;
				GCC_C_LANGUAGE_STANDARD = gnu99;
				GCC_WARN_64_TO_32_BIT_CONVERSION = YES;
				GCC_WARN_ABOUT_RETURN_TYPE = YES_ERROR;
				GCC_WARN_UNDECLARED_SELECTOR = YES;
				GCC_WARN_UNINITIALIZED_AUTOS = YES_AGGRESSIVE;
				GCC_WARN_UNUSED_FUNCTION = YES;
				GCC_WARN_UNUSED_VARIABLE = YES;
				IPHONEOS_DEPLOYMENT_TARGET = 8.1;
				MTL_ENABLE_DEBUG_INFO = NO;
				SDKROOT = iphoneos;
				TARGETED_DEVICE_FAMILY = "1,2";
				VALIDATE_PRODUCT = YES;
			};
			name = Release;
		};
		AED8DD941A4A3CBC00996D34 /* Debug */ = {
			isa = XCBuildConfiguration;
			buildSettings = {
				ASSETCATALOG_COMPILER_APPICON_NAME = AppIcon;
				INFOPLIST_FILE = Postcard/Info.plist;
				LD_RUNPATH_SEARCH_PATHS = "$(inherited) @executable_path/Frameworks";
				PRODUCT_NAME = "$(TARGET_NAME)";
			};
			name = Debug;
		};
		AED8DD951A4A3CBC00996D34 /* Release */ = {
			isa = XCBuildConfiguration;
			buildSettings = {
				ASSETCATALOG_COMPILER_APPICON_NAME = AppIcon;
				INFOPLIST_FILE = Postcard/Info.plist;
				LD_RUNPATH_SEARCH_PATHS = "$(inherited) @executable_path/Frameworks";
				PRODUCT_NAME = "$(TARGET_NAME)";
			};
			name = Release;
		};
		AED8DD971A4A3CBC00996D34 /* Debug */ = {
			isa = XCBuildConfiguration;
			buildSettings = {
				BUNDLE_LOADER = "$(TEST_HOST)";
				FRAMEWORK_SEARCH_PATHS = (
					"$(SDKROOT)/Developer/Library/Frameworks",
					"$(inherited)",
				);
				GCC_PREPROCESSOR_DEFINITIONS = (
					"DEBUG=1",
					"$(inherited)",
				);
				INFOPLIST_FILE = PostcardTests/Info.plist;
				LD_RUNPATH_SEARCH_PATHS = "$(inherited) @executable_path/Frameworks @loader_path/Frameworks";
				PRODUCT_NAME = "$(TARGET_NAME)";
				TEST_HOST = "$(BUILT_PRODUCTS_DIR)/Postcard.app/Postcard";
			};
			name = Debug;
		};
		AED8DD981A4A3CBC00996D34 /* Release */ = {
			isa = XCBuildConfiguration;
			buildSettings = {
				BUNDLE_LOADER = "$(TEST_HOST)";
				FRAMEWORK_SEARCH_PATHS = (
					"$(SDKROOT)/Developer/Library/Frameworks",
					"$(inherited)",
				);
				INFOPLIST_FILE = PostcardTests/Info.plist;
				LD_RUNPATH_SEARCH_PATHS = "$(inherited) @executable_path/Frameworks @loader_path/Frameworks";
				PRODUCT_NAME = "$(TARGET_NAME)";
				TEST_HOST = "$(BUILT_PRODUCTS_DIR)/Postcard.app/Postcard";
			};
			name = Release;
		};
/* End XCBuildConfiguration section */

/* Begin XCConfigurationList section */
		AED8DD6F1A4A3CBB00996D34 /* Build configuration list for PBXProject "Postcard" */ = {
			isa = XCConfigurationList;
			buildConfigurations = (
				AED8DD911A4A3CBC00996D34 /* Debug */,
				AED8DD921A4A3CBC00996D34 /* Release */,
			);
			defaultConfigurationIsVisible = 0;
			defaultConfigurationName = Release;
		};
		AED8DD931A4A3CBC00996D34 /* Build configuration list for PBXNativeTarget "Postcard" */ = {
			isa = XCConfigurationList;
			buildConfigurations = (
				AED8DD941A4A3CBC00996D34 /* Debug */,
				AED8DD951A4A3CBC00996D34 /* Release */,
			);
			defaultConfigurationIsVisible = 0;
		};
		AED8DD961A4A3CBC00996D34 /* Build configuration list for PBXNativeTarget "PostcardTests" */ = {
			isa = XCConfigurationList;
			buildConfigurations = (
				AED8DD971A4A3CBC00996D34 /* Debug */,
				AED8DD981A4A3CBC00996D34 /* Release */,
			);
			defaultConfigurationIsVisible = 0;
		};
/* End XCConfigurationList section */
	};
	rootObject = AED8DD6C1A4A3CBB00996D34 /* Project object */;
}
